
Microsoft Visual Studio Solution File, Format Version 12.00
# Visual Studio 15
VisualStudioVersion = 15.0.27004.2010
MinimumVisualStudioVersion = 10.0.40219.1
Project("{FAE04EC0-301F-11D3-BF4B-00C04F79EFBC}") = "DeQiWuLiang", "DeQiWuLiang\DeQiWuLiang.csproj", "{FAD0E8EC-151D-4913-B167-AA0D9968A184}"
EndProject
Global
	GlobalSection(SolutionConfigurationPlatforms) = preSolution
		Debug|Any CPU = Debug|Any CPU
		Release|Any CPU = Release|Any CPU
	EndGlobalSection
	GlobalSection(ProjectConfigurationPlatforms) = postSolution
		{FAD0E8EC-151D-4913-B167-AA0D9968A184}.Debug|Any CPU.ActiveCfg = Debug|Any CPU
		{FAD0E8EC-151D-4913-B167-AA0D9968A184}.Debug|Any CPU.Build.0 = Debug|Any CPU
		{FAD0E8EC-151D-4913-B167-AA0D9968A184}.Release|Any CPU.ActiveCfg = Release|Any CPU
		{FAD0E8EC-151D-4913-B167-AA0D9968A184}.Release|Any CPU.Build.0 = Release|Any CPU
	EndGlobalSection
	GlobalSection(SolutionProperties) = preSolution
		HideSolutionNode = FALSE
	EndGlobalSection
	GlobalSection(ExtensibilityGlobals) = postSolution
		SolutionGuid = {27C909D1-50ED-43FE-8A72-3023BABD0D19}
	EndGlobalSection
EndGlobal
